
Microsoft Visual Studio Solution File, Format Version 12.00
# Visual Studio Version 16
VisualStudioVersion = 16.0.30406.217
MinimumVisualStudioVersion = 10.0.40219.1
Project("{FAE04EC0-301F-11D3-BF4B-00C04F79EFBC}") = "clothes_store", "clothes_store\clothes_store.csproj", "{47CAFA2A-4614-4035-80E1-C90BD5ACFFE1}"
EndProject
Global
	GlobalSection(SolutionConfigurationPlatforms) = preSolution
		Debug|Any CPU = Debug|Any CPU
		Release|Any CPU = Release|Any CPU
	EndGlobalSection
	GlobalSection(ProjectConfigurationPlatforms) = postSolution
		{47CAFA2A-4614-4035-80E1-C90BD5ACFFE1}.Debug|Any CPU.ActiveCfg = Debug|Any CPU
		{47CAFA2A-4614-4035-80E1-C90BD5ACFFE1}.Debug|Any CPU.Build.0 = Debug|Any CPU
		{47CAFA2A-4614-4035-80E1-C90BD5ACFFE1}.Release|Any CPU.ActiveCfg = Release|Any CPU
		{47CAFA2A-4614-4035-80E1-C90BD5ACFFE1}.Release|Any CPU.Build.0 = Release|Any CPU
	EndGlobalSection
	GlobalSection(SolutionProperties) = preSolution
		HideSolutionNode = FALSE
	EndGlobalSection
	GlobalSection(ExtensibilityGlobals) = postSolution
		SolutionGuid = {ED1D56D6-707D-44A0-A324-72843C61F901}
	EndGlobalSection
EndGlobal
